
Microsoft Visual Studio Solution File, Format Version 12.00
# Visual Studio 2013
VisualStudioVersion = 12.0.21005.1
MinimumVisualStudioVersion = 10.0.40219.1
Project("{FAE04EC0-301F-11D3-BF4B-00C04F79EFBC}") = "juzgado", "juzgado\juzgado.csproj", "{0CCC435E-F3AE-4C9A-9409-B44F9AA17615}"
EndProject
Global
	GlobalSection(SolutionConfigurationPlatforms) = preSolution
		Debug|Any CPU = Debug|Any CPU
		Release|Any CPU = Release|Any CPU
	EndGlobalSection
	GlobalSection(ProjectConfigurationPlatforms) = postSolution
		{0CCC435E-F3AE-4C9A-9409-B44F9AA17615}.Debug|Any CPU.ActiveCfg = Debug|Any CPU
		{0CCC435E-F3AE-4C9A-9409-B44F9AA17615}.Debug|Any CPU.Build.0 = Debug|Any CPU
		{0CCC435E-F3AE-4C9A-9409-B44F9AA17615}.Release|Any CPU.ActiveCfg = Release|Any CPU
		{0CCC435E-F3AE-4C9A-9409-B44F9AA17615}.Release|Any CPU.Build.0 = Release|Any CPU
	EndGlobalSection
	GlobalSection(SolutionProperties) = preSolution
		HideSolutionNode = FALSE
	EndGlobalSection
EndGlobal
